
Microsoft Visual Studio Solution File, Format Version 12.00
Project("{FAE04EC0-301F-11D3-BF4B-00C04F79EFBC}") = "QuizGameCore", "QuizGameCore\QuizGameCore.csproj", "{49E97F35-D217-4849-9EEC-DA4817A94107}"
EndProject
Project("{FAE04EC0-301F-11D3-BF4B-00C04F79EFBC}") = "QuizGameDemo", "QuizGameDemo\QuizGameDemo.csproj", "{FE330713-FC42-4C74-A13C-7C1C7F128A3D}"
EndProject
Project("{FAE04EC0-301F-11D3-BF4B-00C04F79EFBC}") = "QuizGameTests", "QuizGameTests\QuizGameTests.csproj", "{AF4BF881-D4DE-4511-AAE1-64E8F61F69AA}"
EndProject
Global
	GlobalSection(SolutionConfigurationPlatforms) = preSolution
		Debug|Any CPU = Debug|Any CPU
		Release|Any CPU = Release|Any CPU
	EndGlobalSection
	GlobalSection(ProjectConfigurationPlatforms) = postSolution
		{49E97F35-D217-4849-9EEC-DA4817A94107}.Debug|Any CPU.ActiveCfg = Debug|Any CPU
		{49E97F35-D217-4849-9EEC-DA4817A94107}.Debug|Any CPU.Build.0 = Debug|Any CPU
		{49E97F35-D217-4849-9EEC-DA4817A94107}.Release|Any CPU.ActiveCfg = Release|Any CPU
		{49E97F35-D217-4849-9EEC-DA4817A94107}.Release|Any CPU.Build.0 = Release|Any CPU
		{FE330713-FC42-4C74-A13C-7C1C7F128A3D}.Debug|Any CPU.ActiveCfg = Debug|Any CPU
		{FE330713-FC42-4C74-A13C-7C1C7F128A3D}.Debug|Any CPU.Build.0 = Debug|Any CPU
		{FE330713-FC42-4C74-A13C-7C1C7F128A3D}.Release|Any CPU.ActiveCfg = Release|Any CPU
		{FE330713-FC42-4C74-A13C-7C1C7F128A3D}.Release|Any CPU.Build.0 = Release|Any CPU
		{AF4BF881-D4DE-4511-AAE1-64E8F61F69AA}.Debug|Any CPU.ActiveCfg = Debug|Any CPU
		{AF4BF881-D4DE-4511-AAE1-64E8F61F69AA}.Debug|Any CPU.Build.0 = Debug|Any CPU
		{AF4BF881-D4DE-4511-AAE1-64E8F61F69AA}.Release|Any CPU.ActiveCfg = Release|Any CPU
		{AF4BF881-D4DE-4511-AAE1-64E8F61F69AA}.Release|Any CPU.Build.0 = Release|Any CPU
	EndGlobalSection
EndGlobal
